
Microsoft Visual Studio Solution File, Format Version 12.00
# Visual Studio 15
VisualStudioVersion = 15.0.26124.0
MinimumVisualStudioVersion = 15.0.26124.0
Project("{2150E333-8FDC-42A3-9474-1A3956D46DE8}") = "src", "src", "{39042245-235B-41AB-A8AB-2E3320F5AF88}"
EndProject
Project("{FAE04EC0-301F-11D3-BF4B-00C04F79EFBC}") = "Informer.Core", "src\Informer.Core\Informer.Core.csproj", "{20A02AD5-B784-46DB-9A65-9010B8AE68C5}"
EndProject
Project("{FAE04EC0-301F-11D3-BF4B-00C04F79EFBC}") = "Informer.MySQL", "src\Informer.MySQL\Informer.MySQL.csproj", "{A3CE68D0-2B5C-491C-9B25-7D16EEFEA8BE}"
EndProject
Project("{FAE04EC0-301F-11D3-BF4B-00C04F79EFBC}") = "informer", "src\informer\informer.csproj", "{384FAE6B-767E-436E-8116-982EC1D55D18}"
EndProject
Project("{2150E333-8FDC-42A3-9474-1A3956D46DE8}") = "test", "test", "{6058586C-94A9-40CC-9B9A-1E6D6ABBB6FF}"
EndProject
Project("{FAE04EC0-301F-11D3-BF4B-00C04F79EFBC}") = "Informer.Core.Tests", "test\Informer.Core.Tests\Informer.Core.Tests.csproj", "{98E08226-6124-44E0-A019-38EBB0E80B10}"
EndProject
Project("{FAE04EC0-301F-11D3-BF4B-00C04F79EFBC}") = "Informer.MySQL.Tests", "test\Informer.MySQL.Tests\Informer.MySQL.Tests.csproj", "{FE460909-349C-40D1-AE36-2C509DA8FB2E}"
EndProject
Global
	GlobalSection(SolutionConfigurationPlatforms) = preSolution
		Debug|Any CPU = Debug|Any CPU
		Debug|x64 = Debug|x64
		Debug|x86 = Debug|x86
		Release|Any CPU = Release|Any CPU
		Release|x64 = Release|x64
		Release|x86 = Release|x86
	EndGlobalSection
	GlobalSection(SolutionProperties) = preSolution
		HideSolutionNode = FALSE
	EndGlobalSection
	GlobalSection(ProjectConfigurationPlatforms) = postSolution
		{20A02AD5-B784-46DB-9A65-9010B8AE68C5}.Debug|Any CPU.ActiveCfg = Debug|Any CPU
		{20A02AD5-B784-46DB-9A65-9010B8AE68C5}.Debug|Any CPU.Build.0 = Debug|Any CPU
		{20A02AD5-B784-46DB-9A65-9010B8AE68C5}.Debug|x64.ActiveCfg = Debug|Any CPU
		{20A02AD5-B784-46DB-9A65-9010B8AE68C5}.Debug|x64.Build.0 = Debug|Any CPU
		{20A02AD5-B784-46DB-9A65-9010B8AE68C5}.Debug|x86.ActiveCfg = Debug|Any CPU
		{20A02AD5-B784-46DB-9A65-9010B8AE68C5}.Debug|x86.Build.0 = Debug|Any CPU
		{20A02AD5-B784-46DB-9A65-9010B8AE68C5}.Release|Any CPU.ActiveCfg = Release|Any CPU
		{20A02AD5-B784-46DB-9A65-9010B8AE68C5}.Release|Any CPU.Build.0 = Release|Any CPU
		{20A02AD5-B784-46DB-9A65-9010B8AE68C5}.Release|x64.ActiveCfg = Release|Any CPU
		{20A02AD5-B784-46DB-9A65-9010B8AE68C5}.Release|x64.Build.0 = Release|Any CPU
		{20A02AD5-B784-46DB-9A65-9010B8AE68C5}.Release|x86.ActiveCfg = Release|Any CPU
		{20A02AD5-B784-46DB-9A65-9010B8AE68C5}.Release|x86.Build.0 = Release|Any CPU
		{A3CE68D0-2B5C-491C-9B25-7D16EEFEA8BE}.Debug|Any CPU.ActiveCfg = Debug|Any CPU
		{A3CE68D0-2B5C-491C-9B25-7D16EEFEA8BE}.Debug|Any CPU.Build.0 = Debug|Any CPU
		{A3CE68D0-2B5C-491C-9B25-7D16EEFEA8BE}.Debug|x64.ActiveCfg = Debug|Any CPU
		{A3CE68D0-2B5C-491C-9B25-7D16EEFEA8BE}.Debug|x64.Build.0 = Debug|Any CPU
		{A3CE68D0-2B5C-491C-9B25-7D16EEFEA8BE}.Debug|x86.ActiveCfg = Debug|Any CPU
		{A3CE68D0-2B5C-491C-9B25-7D16EEFEA8BE}.Debug|x86.Build.0 = Debug|Any CPU
		{A3CE68D0-2B5C-491C-9B25-7D16EEFEA8BE}.Release|Any CPU.ActiveCfg = Release|Any CPU
		{A3CE68D0-2B5C-491C-9B25-7D16EEFEA8BE}.Release|Any CPU.Build.0 = Release|Any CPU
		{A3CE68D0-2B5C-491C-9B25-7D16EEFEA8BE}.Release|x64.ActiveCfg = Release|Any CPU
		{A3CE68D0-2B5C-491C-9B25-7D16EEFEA8BE}.Release|x64.Build.0 = Release|Any CPU
		{A3CE68D0-2B5C-491C-9B25-7D16EEFEA8BE}.Release|x86.ActiveCfg = Release|Any CPU
		{A3CE68D0-2B5C-491C-9B25-7D16EEFEA8BE}.Release|x86.Build.0 = Release|Any CPU
		{384FAE6B-767E-436E-8116-982EC1D55D18}.Debug|Any CPU.ActiveCfg = Debug|Any CPU
		{384FAE6B-767E-436E-8116-982EC1D55D18}.Debug|Any CPU.Build.0 = Debug|Any CPU
		{384FAE6B-767E-436E-8116-982EC1D55D18}.Debug|x64.ActiveCfg = Debug|Any CPU
		{384FAE6B-767E-436E-8116-982EC1D55D18}.Debug|x64.Build.0 = Debug|Any CPU
		{384FAE6B-767E-436E-8116-982EC1D55D18}.Debug|x86.ActiveCfg = Debug|Any CPU
		{384FAE6B-767E-436E-8116-982EC1D55D18}.Debug|x86.Build.0 = Debug|Any CPU
		{384FAE6B-767E-436E-8116-982EC1D55D18}.Release|Any CPU.ActiveCfg = Release|Any CPU
		{384FAE6B-767E-436E-8116-982EC1D55D18}.Release|Any CPU.Build.0 = Release|Any CPU
		{384FAE6B-767E-436E-8116-982EC1D55D18}.Release|x64.ActiveCfg = Release|Any CPU
		{384FAE6B-767E-436E-8116-982EC1D55D18}.Release|x64.Build.0 = Release|Any CPU
		{384FAE6B-767E-436E-8116-982EC1D55D18}.Release|x86.ActiveCfg = Release|Any CPU
		{384FAE6B-767E-436E-8116-982EC1D55D18}.Release|x86.Build.0 = Release|Any CPU
		{98E08226-6124-44E0-A019-38EBB0E80B10}.Debug|Any CPU.ActiveCfg = Debug|Any CPU
		{98E08226-6124-44E0-A019-38EBB0E80B10}.Debug|Any CPU.Build.0 = Debug|Any CPU
		{98E08226-6124-44E0-A019-38EBB0E80B10}.Debug|x64.ActiveCfg = Debug|Any CPU
		{98E08226-6124-44E0-A019-38EBB0E80B10}.Debug|x64.Build.0 = Debug|Any CPU
		{98E08226-6124-44E0-A019-38EBB0E80B10}.Debug|x86.ActiveCfg = Debug|Any CPU
		{98E08226-6124-44E0-A019-38EBB0E80B10}.Debug|x86.Build.0 = Debug|Any CPU
		{98E08226-6124-44E0-A019-38EBB0E80B10}.Release|Any CPU.ActiveCfg = Release|Any CPU
		{98E08226-6124-44E0-A019-38EBB0E80B10}.Release|Any CPU.Build.0 = Release|Any CPU
		{98E08226-6124-44E0-A019-38EBB0E80B10}.Release|x64.ActiveCfg = Release|Any CPU
		{98E08226-6124-44E0-A019-38EBB0E80B10}.Release|x64.Build.0 = Release|Any CPU
		{98E08226-6124-44E0-A019-38EBB0E80B10}.Release|x86.ActiveCfg = Release|Any CPU
		{98E08226-6124-44E0-A019-38EBB0E80B10}.Release|x86.Build.0 = Release|Any CPU
		{FE460909-349C-40D1-AE36-2C509DA8FB2E}.Debug|Any CPU.ActiveCfg = Debug|Any CPU
		{FE460909-349C-40D1-AE36-2C509DA8FB2E}.Debug|Any CPU.Build.0 = Debug|Any CPU
		{FE460909-349C-40D1-AE36-2C509DA8FB2E}.Debug|x64.ActiveCfg = Debug|Any CPU
		{FE460909-349C-40D1-AE36-2C509DA8FB2E}.Debug|x64.Build.0 = Debug|Any CPU
		{FE460909-349C-40D1-AE36-2C509DA8FB2E}.Debug|x86.ActiveCfg = Debug|Any CPU
		{FE460909-349C-40D1-AE36-2C509DA8FB2E}.Debug|x86.Build.0 = Debug|Any CPU
		{FE460909-349C-40D1-AE36-2C509DA8FB2E}.Release|Any CPU.ActiveCfg = Release|Any CPU
		{FE460909-349C-40D1-AE36-2C509DA8FB2E}.Release|Any CPU.Build.0 = Release|Any CPU
		{FE460909-349C-40D1-AE36-2C509DA8FB2E}.Release|x64.ActiveCfg = Release|Any CPU
		{FE460909-349C-40D1-AE36-2C509DA8FB2E}.Release|x64.Build.0 = Release|Any CPU
		{FE460909-349C-40D1-AE36-2C509DA8FB2E}.Release|x86.ActiveCfg = Release|Any CPU
		{FE460909-349C-40D1-AE36-2C509DA8FB2E}.Release|x86.Build.0 = Release|Any CPU
	EndGlobalSection
	GlobalSection(NestedProjects) = preSolution
		{20A02AD5-B784-46DB-9A65-9010B8AE68C5} = {39042245-235B-41AB-A8AB-2E3320F5AF88}
		{A3CE68D0-2B5C-491C-9B25-7D16EEFEA8BE} = {39042245-235B-41AB-A8AB-2E3320F5AF88}
		{384FAE6B-767E-436E-8116-982EC1D55D18} = {39042245-235B-41AB-A8AB-2E3320F5AF88}
		{98E08226-6124-44E0-A019-38EBB0E80B10} = {6058586C-94A9-40CC-9B9A-1E6D6ABBB6FF}
		{FE460909-349C-40D1-AE36-2C509DA8FB2E} = {6058586C-94A9-40CC-9B9A-1E6D6ABBB6FF}
	EndGlobalSection
EndGlobal
